// !$*UTF8*$!
{
	archiveVersion = 1;
	classes = {
	};
	objectVersion = 55;
	objects = {

/* Begin PBXBuildFile section */
		D353C3FF26DEB5AD00C31859 /* AppDelegate.swift in Sources */ = {isa = PBXBuildFile; fileRef = D353C3FE26DEB5AD00C31859 /* AppDelegate.swift */; };
		D353C40126DEB5AD00C31859 /* SceneDelegate.swift in Sources */ = {isa = PBXBuildFile; fileRef = D353C40026DEB5AD00C31859 /* SceneDelegate.swift */; };
		D353C40326DEB5AD00C31859 /* ViewController.swift in Sources */ = {isa = PBXBuildFile; fileRef = D353C40226DEB5AD00C31859 /* ViewController.swift */; };
		D353C40626DEB5AD00C31859 /* Main.storyboard in Resources */ = {isa = PBXBuildFile; fileRef = D353C40426DEB5AD00C31859 /* Main.storyboard */; };
		D353C40926DEB5AD00C31859 /* GitTutorial.xcdatamodeld in Sources */ = {isa = PBXBuildFile; fileRef = D353C40726DEB5AD00C31859 /* GitTutorial.xcdatamodeld */; };
		D353C40B26DEB5AE00C31859 /* Assets.xcassets in Resources */ = {isa = PBXBuildFile; fileRef = D353C40A26DEB5AE00C31859 /* Assets.xcassets */; };
		D353C40E26DEB5AE00C31859 /* LaunchScreen.storyboard in Resources */ = {isa = PBXBuildFile; fileRef = D353C40C26DEB5AE00C31859 /* LaunchScreen.storyboard */; };
		D353C41926DEB5AE00C31859 /* GitTutorialTests.swift in Sources */ = {isa = PBXBuildFile; fileRef = D353C41826DEB5AE00C31859 /* GitTutorialTests.swift */; };
		D353C42326DEB5AE00C31859 /* GitTutorialUITests.swift in Sources */ = {isa = PBXBuildFile; fileRef = D353C42226DEB5AE00C31859 /* GitTutorialUITests.swift */; };
/* End PBXBuildFile section */

/* Begin PBXContainerItemProxy section */
		D353C41526DEB5AE00C31859 /* PBXContainerItemProxy */ = {
			isa = PBXContainerItemProxy;
			containerPortal = D353C3F326DEB5AD00C31859 /* Project object */;
			proxyType = 1;
			remoteGlobalIDString = D353C3FA26DEB5AD00C31859;
			remoteInfo = GitTutorial;
		};
		D353C41F26DEB5AE00C31859 /* PBXContainerItemProxy */ = {
			isa = PBXContainerItemProxy;
			containerPortal = D353C3F326DEB5AD00C31859 /* Project object */;
			proxyType = 1;
			remoteGlobalIDString = D353C3FA26DEB5AD00C31859;
			remoteInfo = GitTutorial;
		};
/* End PBXContainerItemProxy section */

/* Begin PBXFileReference section */
		D353C3FB26DEB5AD00C31859 /* GitTutorial.app */ = {isa = PBXFileReference; explicitFileType = wrapper.application; includeInIndex = 0; path = GitTutorial.app; sourceTree = BUILT_PRODUCTS_DIR; };
		D353C3FE26DEB5AD00C31859 /* AppDelegate.swift */ = {isa = PBXFileReference; lastKnownFileType = sourcecode.swift; path = AppDelegate.swift; sourceTree = "<group>"; };
		D353C40026DEB5AD00C31859 /* SceneDelegate.swift */ = {isa = PBXFileReference; lastKnownFileType = sourcecode.swift; path = SceneDelegate.swift; sourceTree = "<group>"; };
		D353C40226DEB5AD00C31859 /* ViewController.swift */ = {isa = PBXFileReference; lastKnownFileType = sourcecode.swift; path = ViewController.swift; sourceTree = "<group>"; };
		D353C40526DEB5AD00C31859 /* Base */ = {isa = PBXFileReference; lastKnownFileType = file.storyboard; name = Base; path = Base.lproj/Main.storyboard; sourceTree = "<group>"; };
		D353C40826DEB5AD00C31859 /* GitTutorial.xcdatamodel */ = {isa = PBXFileReference; lastKnownFileType = wrapper.xcdatamodel; path = GitTutorial.xcdatamodel; sourceTree = "<group>"; };
		D353C40A26DEB5AE00C31859 /* Assets.xcassets */ = {isa = PBXFileReference; lastKnownFileType = folder.assetcatalog; path = Assets.xcassets; sourceTree = "<group>"; };
		D353C40D26DEB5AE00C31859 /* Base */ = {isa = PBXFileReference; lastKnownFileType = file.storyboard; name = Base; path = Base.lproj/LaunchScreen.storyboard; sourceTree = "<group>"; };
		D353C40F26DEB5AE00C31859 /* Info.plist */ = {isa = PBXFileReference; lastKnownFileType = text.plist.xml; path = Info.plist; sourceTree = "<group>"; };
		D353C41426DEB5AE00C31859 /* GitTutorialTests.xctest */ = {isa = PBXFileReference; explicitFileType = wrapper.cfbundle; includeInIndex = 0; path = GitTutorialTests.xctest; sourceTree = BUILT_PRODUCTS_DIR; };
		D353C41826DEB5AE00C31859 /* GitTutorialTests.swift */ = {isa = PBXFileReference; lastKnownFileType = sourcecode.swift; path = GitTutorialTests.swift; sourceTree = "<group>"; };
		D353C41E26DEB5AE00C31859 /* GitTutorialUITests.xctest */ = {isa = PBXFileReference; explicitFileType = wrapper.cfbundle; includeInIndex = 0; path = GitTutorialUITests.xctest; sourceTree = BUILT_PRODUCTS_DIR; };
		D353C42226DEB5AE00C31859 /* GitTutorialUITests.swift */ = {isa = PBXFileReference; lastKnownFileType = sourcecode.swift; path = GitTutorialUITests.swift; sourceTree = "<group>"; };
/* End PBXFileReference section */

/* Begin PBXFrameworksBuildPhase section */
		D353C3F826DEB5AD00C31859 /* Frameworks */ = {
			isa = PBXFrameworksBuildPhase;
			buildActionMask = 2147483647;
			files = (
			);
			runOnlyForDeploymentPostprocessing = 0;
		};
		D353C41126DEB5AE00C31859 /* Frameworks */ = {
			isa = PBXFrameworksBuildPhase;
			buildActionMask = 2147483647;
			files = (
			);
			runOnlyForDeploymentPostprocessing = 0;
		};
		D353C41B26DEB5AE00C31859 /* Frameworks */ = {
			isa = PBXFrameworksBuildPhase;
			buildActionMask = 2147483647;
			files = (
			);
			runOnlyForDeploymentPostprocessing = 0;
		};
/* End PBXFrameworksBuildPhase section */

/* Begin PBXGroup section */
		D353C3F226DEB5AD00C31859 = {
			isa = PBXGroup;
			children = (
				D353C3FD26DEB5AD00C31859 /* GitTutorial */,
				D353C41726DEB5AE00C31859 /* GitTutorialTests */,
				D353C42126DEB5AE00C31859 /* GitTutorialUITests */,
				D353C3FC26DEB5AD00C31859 /* Products */,
			);
			sourceTree = "<group>";
		};
		D353C3FC26DEB5AD00C31859 /* Products */ = {
			isa = PBXGroup;
			children = (
				D353C3FB26DEB5AD00C31859 /* GitTutorial.app */,
				D353C41426DEB5AE00C31859 /* GitTutorialTests.xctest */,
				D353C41E26DEB5AE00C31859 /* GitTutorialUITests.xctest */,
			);
			name = Products;
			sourceTree = "<group>";
		};
		D353C3FD26DEB5AD00C31859 /* GitTutorial */ = {
			isa = PBXGroup;
			children = (
				D353C3FE26DEB5AD00C31859 /* AppDelegate.swift */,
				D353C40026DEB5AD00C31859 /* SceneDelegate.swift */,
				D353C40226DEB5AD00C31859 /* ViewController.swift */,
				D353C40426DEB5AD00C31859 /* Main.storyboard */,
				D353C40A26DEB5AE00C31859 /* Assets.xcassets */,
				D353C40C26DEB5AE00C31859 /* LaunchScreen.storyboard */,
				D353C40F26DEB5AE00C31859 /* Info.plist */,
				D353C40726DEB5AD00C31859 /* GitTutorial.xcdatamodeld */,
			);
			path = GitTutorial;
			sourceTree = "<group>";
		};
		D353C41726DEB5AE00C31859 /* GitTutorialTests */ = {
			isa = PBXGroup;
			children = (
				D353C41826DEB5AE00C31859 /* GitTutorialTests.swift */,
			);
			path = GitTutorialTests;
			sourceTree = "<group>";
		};
		D353C42126DEB5AE00C31859 /* GitTutorialUITests */ = {
			isa = PBXGroup;
			children = (
				D353C42226DEB5AE00C31859 /* GitTutorialUITests.swift */,
			);
			path = GitTutorialUITests;
			sourceTree = "<group>";
		};
/* End PBXGroup section */

/* Begin PBXNativeTarget section */
		D353C3FA26DEB5AD00C31859 /* GitTutorial */ = {
			isa = PBXNativeTarget;
			buildConfigurationList = D353C42626DEB5AE00C31859 /* Build configuration list for PBXNativeTarget "GitTutorial" */;
			buildPhases = (
				D353C3F726DEB5AD00C31859 /* Sources */,
				D353C3F826DEB5AD00C31859 /* Frameworks */,
				D353C3F926DEB5AD00C31859 /* Resources */,
			);
			buildRules = (
			);
			dependencies = (
			);
			name = GitTutorial;
			productName = GitTutorial;
			productReference = D353C3FB26DEB5AD00C31859 /* GitTutorial.app */;
			productType = "com.apple.product-type.application";
		};
		D353C41326DEB5AE00C31859 /* GitTutorialTests */ = {
			isa = PBXNativeTarget;
			buildConfigurationList = D353C42926DEB5AE00C31859 /* Build configuration list for PBXNativeTarget "GitTutorialTests" */;
			buildPhases = (
				D353C41026DEB5AE00C31859 /* Sources */,
				D353C41126DEB5AE00C31859 /* Frameworks */,
				D353C41226DEB5AE00C31859 /* Resources */,
			);
			buildRules = (
			);
			dependencies = (
				D353C41626DEB5AE00C31859 /* PBXTargetDependency */,
			);
			name = GitTutorialTests;
			productName = GitTutorialTests;
			productReference = D353C41426DEB5AE00C31859 /* GitTutorialTests.xctest */;
			productType = "com.apple.product-type.bundle.unit-test";
		};
		D353C41D26DEB5AE00C31859 /* GitTutorialUITests */ = {
			isa = PBXNativeTarget;
			buildConfigurationList = D353C42C26DEB5AE00C31859 /* Build configuration list for PBXNativeTarget "GitTutorialUITests" */;
			buildPhases = (
				D353C41A26DEB5AE00C31859 /* Sources */,
				D353C41B26DEB5AE00C31859 /* Frameworks */,
				D353C41C26DEB5AE00C31859 /* Resources */,
			);
			buildRules = (
			);
			dependencies = (
				D353C42026DEB5AE00C31859 /* PBXTargetDependency */,
			);
			name = GitTutorialUITests;
			productName = GitTutorialUITests;
			productReference = D353C41E26DEB5AE00C31859 /* GitTutorialUITests.xctest */;
			productType = "com.apple.product-type.bundle.ui-testing";
		};
/* End PBXNativeTarget section */

/* Begin PBXProject section */
		D353C3F326DEB5AD00C31859 /* Project object */ = {
			isa = PBXProject;
			attributes = {
				BuildIndependentTargetsInParallel = 1;
				LastSwiftUpdateCheck = 1300;
				LastUpgradeCheck = 1300;
				TargetAttributes = {
					D353C3FA26DEB5AD00C31859 = {
						CreatedOnToolsVersion = 13.0;
					};
					D353C41326DEB5AE00C31859 = {
						CreatedOnToolsVersion = 13.0;
						TestTargetID = D353C3FA26DEB5AD00C31859;
					};
					D353C41D26DEB5AE00C31859 = {
						CreatedOnToolsVersion = 13.0;
						TestTargetID = D353C3FA26DEB5AD00C31859;
					};
				};
			};
			buildConfigurationList = D353C3F626DEB5AD00C31859 /* Build configuration list for PBXProject "GitTutorial" */;
			compatibilityVersion = "Xcode 13.0";
			developmentRegion = en;
			hasScannedForEncodings = 0;
			knownRegions = (
				en,
				Base,
			);
			mainGroup = D353C3F226DEB5AD00C31859;
			productRefGroup = D353C3FC26DEB5AD00C31859 /* Products */;
			projectDirPath = "";
			projectRoot = "";
			targets = (
				D353C3FA26DEB5AD00C31859 /* GitTutorial */,
				D353C41326DEB5AE00C31859 /* GitTutorialTests */,
				D353C41D26DEB5AE00C31859 /* GitTutorialUITests */,
			);
		};
/* End PBXProject section */

/* Begin PBXResourcesBuildPhase section */
		D353C3F926DEB5AD00C31859 /* Resources */ = {
			isa = PBXResourcesBuildPhase;
			buildActionMask = 2147483647;
			files = (
				D353C40E26DEB5AE00C31859 /* LaunchScreen.storyboard in Resources */,
				D353C40B26DEB5AE00C31859 /* Assets.xcassets in Resources */,
				D353C40626DEB5AD00C31859 /* Main.storyboard in Resources */,
			);
			runOnlyForDeploymentPostprocessing = 0;
		};
		D353C41226DEB5AE00C31859 /* Resources */ = {
			isa = PBXResourcesBuildPhase;
			buildActionMask = 2147483647;
			files = (
			);
			runOnlyForDeploymentPostprocessing = 0;
		};
		D353C41C26DEB5AE00C31859 /* Resources */ = {
			isa = PBXResourcesBuildPhase;
			buildActionMask = 2147483647;
			files = (
			);
			runOnlyForDeploymentPostprocessing = 0;
		};
/* End PBXResourcesBuildPhase section */

/* Begin PBXSourcesBuildPhase section */
		D353C3F726DEB5AD00C31859 /* Sources */ = {
			isa = PBXSourcesBuildPhase;
			buildActionMask = 2147483647;
			files = (
				D353C40926DEB5AD00C31859 /* GitTutorial.xcdatamodeld in Sources */,
				D353C40326DEB5AD00C31859 /* ViewController.swift in Sources */,
				D353C3FF26DEB5AD00C31859 /* AppDelegate.swift in Sources */,
				D353C40126DEB5AD00C31859 /* SceneDelegate.swift in Sources */,
			);
			runOnlyForDeploymentPostprocessing = 0;
		};
		D353C41026DEB5AE00C31859 /* Sources */ = {
			isa = PBXSourcesBuildPhase;
			buildActionMask = 2147483647;
			files = (
				D353C41926DEB5AE00C31859 /* GitTutorialTests.swift in Sources */,
			);
			runOnlyForDeploymentPostprocessing = 0;
		};
		D353C41A26DEB5AE00C31859 /* Sources */ = {
			isa = PBXSourcesBuildPhase;
			buildActionMask = 2147483647;
			files = (
				D353C42326DEB5AE00C31859 /* GitTutorialUITests.swift in Sources */,
			);
			runOnlyForDeploymentPostprocessing = 0;
		};
/* End PBXSourcesBuildPhase section */

/* Begin PBXTargetDependency section */
		D353C41626DEB5AE00C31859 /* PBXTargetDependency */ = {
			isa = PBXTargetDependency;
			target = D353C3FA26DEB5AD00C31859 /* GitTutorial */;
			targetProxy = D353C41526DEB5AE00C31859 /* PBXContainerItemProxy */;
		};
		D353C42026DEB5AE00C31859 /* PBXTargetDependency */ = {
			isa = PBXTargetDependency;
			target = D353C3FA26DEB5AD00C31859 /* GitTutorial */;
			targetProxy = D353C41F26DEB5AE00C31859 /* PBXContainerItemProxy */;
		};
/* End PBXTargetDependency section */

/* Begin PBXVariantGroup section */
		D353C40426DEB5AD00C31859 /* Main.storyboard */ = {
			isa = PBXVariantGroup;
			children = (
				D353C40526DEB5AD00C31859 /* Base */,
			);
			name = Main.storyboard;
			sourceTree = "<group>";
		};
		D353C40C26DEB5AE00C31859 /* LaunchScreen.storyboard */ = {
			isa = PBXVariantGroup;
			children = (
				D353C40D26DEB5AE00C31859 /* Base */,
			);
			name = LaunchScreen.storyboard;
			sourceTree = "<group>";
		};
/* End PBXVariantGroup section */

/* Begin XCBuildConfiguration section */
		D353C42426DEB5AE00C31859 /* Debug */ = {
			isa = XCBuildConfiguration;
			buildSettings = {
				ALWAYS_SEARCH_USER_PATHS = NO;
				CLANG_ANALYZER_NONNULL = YES;
				CLANG_ANALYZER_NUMBER_OBJECT_CONVERSION = YES_AGGRESSIVE;
				CLANG_CXX_LANGUAGE_STANDARD = "gnu++14";
				CLANG_CXX_LIBRARY = "libc++";
				CLANG_ENABLE_MODULES = YES;
				CLANG_ENABLE_OBJC_ARC = YES;
				CLANG_ENABLE_OBJC_WEAK = YES;
				CLANG_WARN_BLOCK_CAPTURE_AUTORELEASING = YES;
				CLANG_WARN_BOOL_CONVERSION = YES;
				CLANG_WARN_COMMA = YES;
				CLANG_WARN_CONSTANT_CONVERSION = YES;
				CLANG_WARN_DEPRECATED_OBJC_IMPLEMENTATIONS = YES;
				CLANG_WARN_DIRECT_OBJC_ISA_USAGE = YES_ERROR;
				CLANG_WARN_DOCUMENTATION_COMMENTS = YES;
				CLANG_WARN_EMPTY_BODY = YES;
				CLANG_WARN_ENUM_CONVERSION = YES;
				CLANG_WARN_INFINITE_RECURSION = YES;
				CLANG_WARN_INT_CONVERSION = YES;
				CLANG_WARN_NON_LITERAL_NULL_CONVERSION = YES;
				CLANG_WARN_OBJC_IMPLICIT_RETAIN_SELF = YES;
				CLANG_WARN_OBJC_LITERAL_CONVERSION = YES;
				CLANG_WARN_OBJC_ROOT_CLASS = YES_ERROR;
				CLANG_WARN_QUOTED_INCLUDE_IN_FRAMEWORK_HEADER = YES;
				CLANG_WARN_RANGE_LOOP_ANALYSIS = YES;
				CLANG_WARN_STRICT_PROTOTYPES = YES;
				CLANG_WARN_SUSPICIOUS_MOVE = YES;
				CLANG_WARN_UNGUARDED_AVAILABILITY = YES_AGGRESSIVE;
				CLANG_WARN_UNREACHABLE_CODE = YES;
				CLANG_WARN__DUPLICATE_METHOD_MATCH = YES;
				COPY_PHASE_STRIP = NO;
				DEBUG_INFORMATION_FORMAT = dwarf;
				ENABLE_STRICT_OBJC_MSGSEND = YES;
				ENABLE_TESTABILITY = YES;
				GCC_C_LANGUAGE_STANDARD = gnu11;
				GCC_DYNAMIC_NO_PIC = NO;
				GCC_NO_COMMON_BLOCKS = YES;
				GCC_OPTIMIZATION_LEVEL = 0;
				GCC_PREPROCESSOR_DEFINITIONS = (
					"DEBUG=1",
					"$(inherited)",
				);
				GCC_WARN_64_TO_32_BIT_CONVERSION = YES;
				GCC_WARN_ABOUT_RETURN_TYPE = YES_ERROR;
				GCC_WARN_UNDECLARED_SELECTOR = YES;
				GCC_WARN_UNINITIALIZED_AUTOS = YES_AGGRESSIVE;
				GCC_WARN_UNUSED_FUNCTION = YES;
				GCC_WARN_UNUSED_VARIABLE = YES;
				IPHONEOS_DEPLOYMENT_TARGET = 15.0;
				MTL_ENABLE_DEBUG_INFO = INCLUDE_SOURCE;
				MTL_FAST_MATH = YES;
				ONLY_ACTIVE_ARCH = YES;
				SDKROOT = iphoneos;
				SWIFT_ACTIVE_COMPILATION_CONDITIONS = DEBUG;
				SWIFT_OPTIMIZATION_LEVEL = "-Onone";
			};
			name = Debug;
		};
		D353C42526DEB5AE00C31859 /* Release */ = {
			isa = XCBuildConfiguration;
			buildSettings = {
				ALWAYS_SEARCH_USER_PATHS = NO;
				CLANG_ANALYZER_NONNULL = YES;
				CLANG_ANALYZER_NUMBER_OBJECT_CONVERSION = YES_AGGRESSIVE;
				CLANG_CXX_LANGUAGE_STANDARD = "gnu++14";
				CLANG_CXX_LIBRARY = "libc++";
				CLANG_ENABLE_MODULES = YES;
				CLANG_ENABLE_OBJC_ARC = YES;
				CLANG_ENABLE_OBJC_WEAK = YES;
				CLANG_WARN_BLOCK_CAPTURE_AUTORELEASING = YES;
				CLANG_WARN_BOOL_CONVERSION = YES;
				CLANG_WARN_COMMA = YES;
				CLANG_WARN_CONSTANT_CONVERSION = YES;
				CLANG_WARN_DEPRECATED_OBJC_IMPLEMENTATIONS = YES;
				CLANG_WARN_DIRECT_OBJC_ISA_USAGE = YES_ERROR;
				CLANG_WARN_DOCUMENTATION_COMMENTS = YES;
				CLANG_WARN_EMPTY_BODY = YES;
				CLANG_WARN_ENUM_CONVERSION = YES;
				CLANG_WARN_INFINITE_RECURSION = YES;
				CLANG_WARN_INT_CONVERSION = YES;
				CLANG_WARN_NON_LITERAL_NULL_CONVERSION = YES;
				CLANG_WARN_OBJC_IMPLICIT_RETAIN_SELF = YES;
				CLANG_WARN_OBJC_LITERAL_CONVERSION = YES;
				CLANG_WARN_OBJC_ROOT_CLASS = YES_ERROR;
				CLANG_WARN_QUOTED_INCLUDE_IN_FRAMEWORK_HEADER = YES;
				CLANG_WARN_RANGE_LOOP_ANALYSIS = YES;
				CLANG_WARN_STRICT_PROTOTYPES = YES;
				CLANG_WARN_SUSPICIOUS_MOVE = YES;
				CLANG_WARN_UNGUARDED_AVAILABILITY = YES_AGGRESSIVE;
				CLANG_WARN_UNREACHABLE_CODE = YES;
				CLANG_WARN__DUPLICATE_METHOD_MATCH = YES;
				COPY_PHASE_STRIP = NO;
				DEBUG_INFORMATION_FORMAT = "dwarf-with-dsym";
				ENABLE_NS_ASSERTIONS = NO;
				ENABLE_STRICT_OBJC_MSGSEND = YES;
				GCC_C_LANGUAGE_STANDARD = gnu11;
				GCC_NO_COMMON_BLOCKS = YES;
				GCC_WARN_64_TO_32_BIT_CONVERSION = YES;
				GCC_WARN_ABOUT_RETURN_TYPE = YES_ERROR;
				GCC_WARN_UNDECLARED_SELECTOR = YES;
				GCC_WARN_UNINITIALIZED_AUTOS = YES_AGGRESSIVE;
				GCC_WARN_UNUSED_FUNCTION = YES;
				GCC_WARN_UNUSED_VARIABLE = YES;
				IPHONEOS_DEPLOYMENT_TARGET = 15.0;
				MTL_ENABLE_DEBUG_INFO = NO;
				MTL_FAST_MATH = YES;
				SDKROOT = iphoneos;
				SWIFT_COMPILATION_MODE = wholemodule;
				SWIFT_OPTIMIZATION_LEVEL = "-O";
				VALIDATE_PRODUCT = YES;
			};
			name = Release;
		};
		D353C42726DEB5AE00C31859 /* Debug */ = {
			isa = XCBuildConfiguration;
			buildSettings = {
				ASSETCATALOG_COMPILER_APPICON_NAME = AppIcon;
				ASSETCATALOG_COMPILER_GLOBAL_ACCENT_COLOR_NAME = AccentColor;
				CODE_SIGN_STYLE = Automatic;
				CURRENT_PROJECT_VERSION = 1;
				DEVELOPMENT_TEAM = T42VYBF5ER;
				GENERATE_INFOPLIST_FILE = YES;
				INFOPLIST_FILE = GitTutorial/Info.plist;
				INFOPLIST_KEY_UIApplicationSupportsIndirectInputEvents = YES;
				INFOPLIST_KEY_UILaunchStoryboardName = LaunchScreen;
				INFOPLIST_KEY_UIMainStoryboardFile = Main;
				INFOPLIST_KEY_UISupportedInterfaceOrientations_iPad = "UIInterfaceOrientationPortrait UIInterfaceOrientationPortraitUpsideDown UIInterfaceOrientationLandscapeLeft UIInterfaceOrientationLandscapeRight";
				INFOPLIST_KEY_UISupportedInterfaceOrientations_iPhone = "UIInterfaceOrientationPortrait UIInterfaceOrientationLandscapeLeft UIInterfaceOrientationLandscapeRight";
				LD_RUNPATH_SEARCH_PATHS = (
					"$(inherited)",
					"@executable_path/Frameworks",
				);
				MARKETING_VERSION = 1.0;
				PRODUCT_BUNDLE_IDENTIFIER = dienphonglien.com.GitTutorial;
				PRODUCT_NAME = "$(TARGET_NAME)";
				SWIFT_EMIT_LOC_STRINGS = YES;
				SWIFT_VERSION = 5.0;
				TARGETED_DEVICE_FAMILY = "1,2";
			};
			name = Debug;
		};
		D353C42826DEB5AE00C31859 /* Release */ = {
			isa = XCBuildConfiguration;
			buildSettings = {
				ASSETCATALOG_COMPILER_APPICON_NAME = AppIcon;
				ASSETCATALOG_COMPILER_GLOBAL_ACCENT_COLOR_NAME = AccentColor;
				CODE_SIGN_STYLE = Automatic;
				CURRENT_PROJECT_VERSION = 1;
				DEVELOPMENT_TEAM = T42VYBF5ER;
				GENERATE_INFOPLIST_FILE = YES;
				INFOPLIST_FILE = GitTutorial/Info.plist;
				INFOPLIST_KEY_UIApplicationSupportsIndirectInputEvents = YES;
				INFOPLIST_KEY_UILaunchStoryboardName = LaunchScreen;
				INFOPLIST_KEY_UIMainStoryboardFile = Main;
				INFOPLIST_KEY_UISupportedInterfaceOrientations_iPad = "UIInterfaceOrientationPortrait UIInterfaceOrientationPortraitUpsideDown UIInterfaceOrientationLandscapeLeft UIInterfaceOrientationLandscapeRight";
				INFOPLIST_KEY_UISupportedInterfaceOrientations_iPhone = "UIInterfaceOrientationPortrait UIInterfaceOrientationLandscapeLeft UIInterfaceOrientationLandscapeRight";
				LD_RUNPATH_SEARCH_PATHS = (
					"$(inherited)",
					"@executable_path/Frameworks",
				);
				MARKETING_VERSION = 1.0;
				PRODUCT_BUNDLE_IDENTIFIER = dienphonglien.com.GitTutorial;
				PRODUCT_NAME = "$(TARGET_NAME)";
				SWIFT_EMIT_LOC_STRINGS = YES;
				SWIFT_VERSION = 5.0;
				TARGETED_DEVICE_FAMILY = "1,2";
			};
			name = Release;
		};
		D353C42A26DEB5AE00C31859 /* Debug */ = {
			isa = XCBuildConfiguration;
			buildSettings = {
				ALWAYS_EMBED_SWIFT_STANDARD_LIBRARIES = YES;
				BUNDLE_LOADER = "$(TEST_HOST)";
				CODE_SIGN_STYLE = Automatic;
				CURRENT_PROJECT_VERSION = 1;
				DEVELOPMENT_TEAM = T42VYBF5ER;
				GENERATE_INFOPLIST_FILE = YES;
				IPHONEOS_DEPLOYMENT_TARGET = 15.0;
				LD_RUNPATH_SEARCH_PATHS = (
					"$(inherited)",
					"@executable_path/Frameworks",
					"@loader_path/Frameworks",
				);
				MARKETING_VERSION = 1.0;
				PRODUCT_BUNDLE_IDENTIFIER = dienphonglien.com.GitTutorialTests;
				PRODUCT_NAME = "$(TARGET_NAME)";
				SWIFT_EMIT_LOC_STRINGS = NO;
				SWIFT_VERSION = 5.0;
				TARGETED_DEVICE_FAMILY = "1,2";
				TEST_HOST = "$(BUILT_PRODUCTS_DIR)/GitTutorial.app/GitTutorial";
			};
			name = Debug;
		};
		D353C42B26DEB5AE00C31859 /* Release */ = {
			isa = XCBuildConfiguration;
			buildSettings = {
				ALWAYS_EMBED_SWIFT_STANDARD_LIBRARIES = YES;
				BUNDLE_LOADER = "$(TEST_HOST)";
				CODE_SIGN_STYLE = Automatic;
				CURRENT_PROJECT_VERSION = 1;
				DEVELOPMENT_TEAM = T42VYBF5ER;
				GENERATE_INFOPLIST_FILE = YES;
				IPHONEOS_DEPLOYMENT_TARGET = 15.0;
				LD_RUNPATH_SEARCH_PATHS = (
					"$(inherited)",
					"@executable_path/Frameworks",
					"@loader_path/Frameworks",
				);
				MARKETING_VERSION = 1.0;
				PRODUCT_BUNDLE_IDENTIFIER = dienphonglien.com.GitTutorialTests;
				PRODUCT_NAME = "$(TARGET_NAME)";
				SWIFT_EMIT_LOC_STRINGS = NO;
				SWIFT_VERSION = 5.0;
				TARGETED_DEVICE_FAMILY = "1,2";
				TEST_HOST = "$(BUILT_PRODUCTS_DIR)/GitTutorial.app/GitTutorial";
			};
			name = Release;
		};
		D353C42D26DEB5AE00C31859 /* Debug */ = {
			isa = XCBuildConfiguration;
			buildSettings = {
				ALWAYS_EMBED_SWIFT_STANDARD_LIBRARIES = YES;
				CODE_SIGN_STYLE = Automatic;
				CURRENT_PROJECT_VERSION = 1;
				DEVELOPMENT_TEAM = T42VYBF5ER;
				GENERATE_INFOPLIST_FILE = YES;
				LD_RUNPATH_SEARCH_PATHS = (
					"$(inherited)",
					"@executable_path/Frameworks",
					"@loader_path/Frameworks",
				);
				MARKETING_VERSION = 1.0;
				PRODUCT_BUNDLE_IDENTIFIER = dienphonglien.com.GitTutorialUITests;
				PRODUCT_NAME = "$(TARGET_NAME)";
				SWIFT_EMIT_LOC_STRINGS = NO;
				SWIFT_VERSION = 5.0;
				TARGETED_DEVICE_FAMILY = "1,2";
				TEST_TARGET_NAME = GitTutorial;
			};
			name = Debug;
		};
		D353C42E26DEB5AE00C31859 /* Release */ = {
			isa = XCBuildConfiguration;
			buildSettings = {
				ALWAYS_EMBED_SWIFT_STANDARD_LIBRARIES = YES;
				CODE_SIGN_STYLE = Automatic;
				CURRENT_PROJECT_VERSION = 1;
				DEVELOPMENT_TEAM = T42VYBF5ER;
				GENERATE_INFOPLIST_FILE = YES;
				LD_RUNPATH_SEARCH_PATHS = (
					"$(inherited)",
					"@executable_path/Frameworks",
					"@loader_path/Frameworks",
				);
				MARKETING_VERSION = 1.0;
				PRODUCT_BUNDLE_IDENTIFIER = dienphonglien.com.GitTutorialUITests;
				PRODUCT_NAME = "$(TARGET_NAME)";
				SWIFT_EMIT_LOC_STRINGS = NO;
				SWIFT_VERSION = 5.0;
				TARGETED_DEVICE_FAMILY = "1,2";
				TEST_TARGET_NAME = GitTutorial;
			};
			name = Release;
		};
/* End XCBuildConfiguration section */

/* Begin XCConfigurationList section */
		D353C3F626DEB5AD00C31859 /* Build configuration list for PBXProject "GitTutorial" */ = {
			isa = XCConfigurationList;
			buildConfigurations = (
				D353C42426DEB5AE00C31859 /* Debug */,
				D353C42526DEB5AE00C31859 /* Release */,
			);
			defaultConfigurationIsVisible = 0;
			defaultConfigurationName = Release;
		};
		D353C42626DEB5AE00C31859 /* Build configuration list for PBXNativeTarget "GitTutorial" */ = {
			isa = XCConfigurationList;
			buildConfigurations = (
				D353C42726DEB5AE00C31859 /* Debug */,
				D353C42826DEB5AE00C31859 /* Release */,
			);
			defaultConfigurationIsVisible = 0;
			defaultConfigurationName = Release;
		};
		D353C42926DEB5AE00C31859 /* Build configuration list for PBXNativeTarget "GitTutorialTests" */ = {
			isa = XCConfigurationList;
			buildConfigurations = (
				D353C42A26DEB5AE00C31859 /* Debug */,
				D353C42B26DEB5AE00C31859 /* Release */,
			);
			defaultConfigurationIsVisible = 0;
			defaultConfigurationName = Release;
		};
		D353C42C26DEB5AE00C31859 /* Build configuration list for PBXNativeTarget "GitTutorialUITests" */ = {
			isa = XCConfigurationList;
			buildConfigurations = (
				D353C42D26DEB5AE00C31859 /* Debug */,
				D353C42E26DEB5AE00C31859 /* Release */,
			);
			defaultConfigurationIsVisible = 0;
			defaultConfigurationName = Release;
		};
/* End XCConfigurationList section */

/* Begin XCVersionGroup section */
		D353C40726DEB5AD00C31859 /* GitTutorial.xcdatamodeld */ = {
			isa = XCVersionGroup;
			children = (
				D353C40826DEB5AD00C31859 /* GitTutorial.xcdatamodel */,
			);
			currentVersion = D353C40826DEB5AD00C31859 /* GitTutorial.xcdatamodel */;
			path = GitTutorial.xcdatamodeld;
			sourceTree = "<group>";
			versionGroupType = wrapper.xcdatamodel;
		};
/* End XCVersionGroup section */
	};
	rootObject = D353C3F326DEB5AD00C31859 /* Project object */;
}
